
Microsoft Visual Studio Solution File, Format Version 10.00
# Visual Studio 2008
Project("{2150E333-8FDC-42A3-9474-1A3956D46DE8}") = "main", "main", "{AC865737-CF66-4397-8890-39FCB22DE937}"
EndProject
Project("{2150E333-8FDC-42A3-9474-1A3956D46DE8}") = "lib", "lib", "{A8B5FAB3-5249-4F89-8A68-632D96E7B658}"
EndProject
Project("{2150E333-8FDC-42A3-9474-1A3956D46DE8}") = "testsuite", "testsuite", "{02663C85-E413-48A0-AF03-8B1862EC7E4C}"
EndProject
Project("{8BC9CEB8-8B4A-11D0-8D11-00A0C91BC942}") = "libFestival", "lib\libFestival\libFestival.vcproj", "{40685931-3624-4F14-8915-EE893A285EC8}"
EndProject
Project("{8BC9CEB8-8B4A-11D0-8D11-00A0C91BC942}") = "festival", "main\festival\festival.vcproj", "{D1143695-08BF-49DC-8175-411E63C64486}"
	ProjectSection(ProjectDependencies) = postProject
		{3A0ED104-B663-4001-8D5B-4FCFEBBC2F06} = {3A0ED104-B663-4001-8D5B-4FCFEBBC2F06}
		{40685931-3624-4F14-8915-EE893A285EC8} = {40685931-3624-4F14-8915-EE893A285EC8}
		{67F47C60-B9E3-4738-BA08-196E97662E04} = {67F47C60-B9E3-4738-BA08-196E97662E04}
		{837603DA-97CD-4483-9237-77F1DD4C61E4} = {837603DA-97CD-4483-9237-77F1DD4C61E4}
	EndProjectSection
EndProject
Project("{8BC9CEB8-8B4A-11D0-8D11-00A0C91BC942}") = "festival_client", "main\festival_client\festival_client.vcproj", "{99FCF884-71A8-4F67-8524-83E968C3BD28}"
	ProjectSection(ProjectDependencies) = postProject
		{3A0ED104-B663-4001-8D5B-4FCFEBBC2F06} = {3A0ED104-B663-4001-8D5B-4FCFEBBC2F06}
		{40685931-3624-4F14-8915-EE893A285EC8} = {40685931-3624-4F14-8915-EE893A285EC8}
		{67F47C60-B9E3-4738-BA08-196E97662E04} = {67F47C60-B9E3-4738-BA08-196E97662E04}
		{837603DA-97CD-4483-9237-77F1DD4C61E4} = {837603DA-97CD-4483-9237-77F1DD4C61E4}
	EndProjectSection
EndProject
Project("{2150E333-8FDC-42A3-9474-1A3956D46DE8}") = "Speech_Tools", "Speech_Tools", "{F4627B07-8665-49C2-AA34-5243638711DC}"
EndProject
Project("{2150E333-8FDC-42A3-9474-1A3956D46DE8}") = "Festival", "Festival", "{78975852-348E-4BA9-BC4A-838C5E17AA5B}"
EndProject
Project("{2150E333-8FDC-42A3-9474-1A3956D46DE8}") = "Lib", "Lib", "{AA904F45-8DDD-4C07-83D6-1E46AA3F3E17}"
EndProject
Project("{8BC9CEB8-8B4A-11D0-8D11-00A0C91BC942}") = "libestbase", "lib\libestbase\libestbase.vcproj", "{67F47C60-B9E3-4738-BA08-196E97662E04}"
EndProject
Project("{8BC9CEB8-8B4A-11D0-8D11-00A0C91BC942}") = "libesttools", "lib\libesttools\libesttools.vcproj", "{3A0ED104-B663-4001-8D5B-4FCFEBBC2F06}"
EndProject
Project("{8BC9CEB8-8B4A-11D0-8D11-00A0C91BC942}") = "libeststring", "lib\libeststring\libeststring.vcproj", "{837603DA-97CD-4483-9237-77F1DD4C61E4}"
EndProject
Global
	GlobalSection(SolutionConfigurationPlatforms) = preSolution
		Debug|Win32 = Debug|Win32
		Release|Win32 = Release|Win32
	EndGlobalSection
	GlobalSection(ProjectConfigurationPlatforms) = postSolution
		{40685931-3624-4F14-8915-EE893A285EC8}.Debug|Win32.ActiveCfg = Debug|Win32
		{40685931-3624-4F14-8915-EE893A285EC8}.Debug|Win32.Build.0 = Debug|Win32
		{40685931-3624-4F14-8915-EE893A285EC8}.Release|Win32.ActiveCfg = Release|Win32
		{40685931-3624-4F14-8915-EE893A285EC8}.Release|Win32.Build.0 = Release|Win32
		{D1143695-08BF-49DC-8175-411E63C64486}.Debug|Win32.ActiveCfg = Debug|Win32
		{D1143695-08BF-49DC-8175-411E63C64486}.Debug|Win32.Build.0 = Debug|Win32
		{D1143695-08BF-49DC-8175-411E63C64486}.Release|Win32.ActiveCfg = Release|Win32
		{D1143695-08BF-49DC-8175-411E63C64486}.Release|Win32.Build.0 = Release|Win32
		{99FCF884-71A8-4F67-8524-83E968C3BD28}.Debug|Win32.ActiveCfg = Debug|Win32
		{99FCF884-71A8-4F67-8524-83E968C3BD28}.Debug|Win32.Build.0 = Debug|Win32
		{99FCF884-71A8-4F67-8524-83E968C3BD28}.Release|Win32.ActiveCfg = Release|Win32
		{99FCF884-71A8-4F67-8524-83E968C3BD28}.Release|Win32.Build.0 = Release|Win32
		{67F47C60-B9E3-4738-BA08-196E97662E04}.Debug|Win32.ActiveCfg = Debug|Win32
		{67F47C60-B9E3-4738-BA08-196E97662E04}.Debug|Win32.Build.0 = Debug|Win32
		{67F47C60-B9E3-4738-BA08-196E97662E04}.Release|Win32.ActiveCfg = Release|Win32
		{67F47C60-B9E3-4738-BA08-196E97662E04}.Release|Win32.Build.0 = Release|Win32
		{3A0ED104-B663-4001-8D5B-4FCFEBBC2F06}.Debug|Win32.ActiveCfg = Debug|Win32
		{3A0ED104-B663-4001-8D5B-4FCFEBBC2F06}.Debug|Win32.Build.0 = Debug|Win32
		{3A0ED104-B663-4001-8D5B-4FCFEBBC2F06}.Release|Win32.ActiveCfg = Release|Win32
		{3A0ED104-B663-4001-8D5B-4FCFEBBC2F06}.Release|Win32.Build.0 = Release|Win32
		{837603DA-97CD-4483-9237-77F1DD4C61E4}.Debug|Win32.ActiveCfg = Debug|Win32
		{837603DA-97CD-4483-9237-77F1DD4C61E4}.Debug|Win32.Build.0 = Debug|Win32
		{837603DA-97CD-4483-9237-77F1DD4C61E4}.Release|Win32.ActiveCfg = Release|Win32
		{837603DA-97CD-4483-9237-77F1DD4C61E4}.Release|Win32.Build.0 = Release|Win32
	EndGlobalSection
	GlobalSection(SolutionProperties) = preSolution
		HideSolutionNode = FALSE
	EndGlobalSection
	GlobalSection(NestedProjects) = preSolution
		{A8B5FAB3-5249-4F89-8A68-632D96E7B658} = {78975852-348E-4BA9-BC4A-838C5E17AA5B}
		{02663C85-E413-48A0-AF03-8B1862EC7E4C} = {78975852-348E-4BA9-BC4A-838C5E17AA5B}
		{AC865737-CF66-4397-8890-39FCB22DE937} = {78975852-348E-4BA9-BC4A-838C5E17AA5B}
		{40685931-3624-4F14-8915-EE893A285EC8} = {A8B5FAB3-5249-4F89-8A68-632D96E7B658}
		{99FCF884-71A8-4F67-8524-83E968C3BD28} = {AC865737-CF66-4397-8890-39FCB22DE937}
		{D1143695-08BF-49DC-8175-411E63C64486} = {AC865737-CF66-4397-8890-39FCB22DE937}
		{AA904F45-8DDD-4C07-83D6-1E46AA3F3E17} = {F4627B07-8665-49C2-AA34-5243638711DC}
		{67F47C60-B9E3-4738-BA08-196E97662E04} = {AA904F45-8DDD-4C07-83D6-1E46AA3F3E17}
		{3A0ED104-B663-4001-8D5B-4FCFEBBC2F06} = {AA904F45-8DDD-4C07-83D6-1E46AA3F3E17}
		{837603DA-97CD-4483-9237-77F1DD4C61E4} = {AA904F45-8DDD-4C07-83D6-1E46AA3F3E17}
	EndGlobalSection
EndGlobal
